
Microsoft Visual Studio Solution File, Format Version 12.00
# Visual Studio Version 17
VisualStudioVersion = 17.9.34407.89
MinimumVisualStudioVersion = 10.0.40219.1
Project("{9A19103F-16F7-4668-BE54-9A1E7A4F7556}") = "jed-amr", "jed-amr.csproj", "{A84D2A80-F3A5-4BC0-9AEF-F79218CCD21E}"
EndProject
Global
	GlobalSection(SolutionConfigurationPlatforms) = preSolution
		Debug|Any CPU = Debug|Any CPU
		Release|Any CPU = Release|Any CPU
	EndGlobalSection
	GlobalSection(ProjectConfigurationPlatforms) = postSolution
		{A84D2A80-F3A5-4BC0-9AEF-F79218CCD21E}.Debug|Any CPU.ActiveCfg = Debug|Any CPU
		{A84D2A80-F3A5-4BC0-9AEF-F79218CCD21E}.Debug|Any CPU.Build.0 = Debug|Any CPU
		{A84D2A80-F3A5-4BC0-9AEF-F79218CCD21E}.Release|Any CPU.ActiveCfg = Release|Any CPU
		{A84D2A80-F3A5-4BC0-9AEF-F79218CCD21E}.Release|Any CPU.Build.0 = Release|Any CPU
	EndGlobalSection
	GlobalSection(SolutionProperties) = preSolution
		HideSolutionNode = FALSE
	EndGlobalSection
	GlobalSection(ExtensibilityGlobals) = postSolution
		SolutionGuid = {B78B34FD-6756-4C3A-BEBC-515847BE8108}
	EndGlobalSection
EndGlobal
